<?xml version="1.0" encoding="UTF-8"?>
<Project ToolsVersion="14.0" xmlns="http://schemas.microsoft.com/developer/msbuild/2003">
  <ItemGroup>
    <ClCompile Include="C:\Users\Bambukas\Desktop\Bambukas\mokslai\project 2.3\CustomEngine\lib\bullet\src\Extras\Serialize\BulletWorldImporter\btBulletWorldImporter.cpp">
      <Filter>Source Files</Filter>
    </ClCompile>
    <ClCompile Include="C:\Users\Bambukas\Desktop\Bambukas\mokslai\project 2.3\CustomEngine\lib\bullet\src\Extras\Serialize\BulletWorldImporter\btWorldImporter.cpp">
      <Filter>Source Files</Filter>
    </ClCompile>
  </ItemGroup>
  <ItemGroup>
    <ClInclude Include="C:\Users\Bambukas\Desktop\Bambukas\mokslai\project 2.3\CustomEngine\lib\bullet\src\Extras\Serialize\BulletWorldImporter\btBulletWorldImporter.h">
      <Filter>Header Files</Filter>
    </ClInclude>
    <ClInclude Include="C:\Users\Bambukas\Desktop\Bambukas\mokslai\project 2.3\CustomEngine\lib\bullet\src\Extras\Serialize\BulletWorldImporter\btWorldImporter.h">
      <Filter>Header Files</Filter>
    </ClInclude>
  </ItemGroup>
  <ItemGroup>
    <CustomBuild Include="C:\Users\Bambukas\Desktop\Bambukas\mokslai\project 2.3\CustomEngine\lib\bullet\src\Extras\Serialize\BulletWorldImporter\CMakeLists.txt" />
  </ItemGroup>
  <ItemGroup>
    <Filter Include="Source Files">
      <UniqueIdentifier>{2EF1F99F-F364-369C-A6AE-C02C0369B2EB}</UniqueIdentifier>
    </Filter>
    <Filter Include="Header Files">
      <UniqueIdentifier>{CA6844DC-744D-3804-B50E-04F4AE0B932E}</UniqueIdentifier>
    </Filter>
  </ItemGroup>
</Project>
