<?xml version="1.0" encoding="UTF-8"?>
<Project ToolsVersion="14.0" xmlns="http://schemas.microsoft.com/developer/msbuild/2003">
  <ItemGroup>
    <CustomBuild Include="C:\Users\Bambukas\Desktop\Bambukas\mokslai\project 2.3\CustomEngine\lib\bullet\preb\CMakeFiles\d5c937d031e9972d38f1f6f5ab40b8ab\RUN_TESTS_force.rule">
      <Filter>CMake Rules</Filter>
    </CustomBuild>
  </ItemGroup>
  <ItemGroup>
    <Filter Include="CMake Rules">
      <UniqueIdentifier>{425C36EE-C82E-32DF-A3EE-90E25E1E5DEB}</UniqueIdentifier>
    </Filter>
  </ItemGroup>
</Project>
