<?xml version="1.0" encoding="utf-8"?>
<Project ToolsVersion="4.0" xmlns="http://schemas.microsoft.com/developer/msbuild/2003">
  <ItemGroup>
    <ClCompile Include="..\src\main.cpp" />
    <ClCompile Include="..\src\mge\BartScene.cpp" />
    <ClCompile Include="..\src\mge\behaviours\AbstractBehaviour.cpp" />
    <ClCompile Include="..\src\mge\behaviours\KeysBehaviour.cpp" />
    <ClCompile Include="..\src\mge\behaviours\LookAt.cpp" />
    <ClCompile Include="..\src\mge\behaviours\MovementBehavior.cpp" />
    <ClCompile Include="..\src\mge\behaviours\RotatingBehaviour.cpp" />
    <ClCompile Include="..\src\mge\core\AbstractGame.cpp" />
    <ClCompile Include="..\src\mge\core\Camera.cpp" />
    <ClCompile Include="..\src\mge\core\GameObject.cpp" />
    <ClCompile Include="..\src\mge\core\Mesh.cpp" />
    <ClCompile Include="..\src\mge\core\Renderer.cpp" />
    <ClCompile Include="..\src\mge\core\ShaderProgram.cpp" />
    <ClCompile Include="..\src\mge\core\Texture.cpp" />
    <ClCompile Include="..\src\mge\core\World.cpp" />
    <ClCompile Include="..\src\mge\KotrynaScene.cpp" />
    <ClCompile Include="..\src\mge\MarijnScene.cpp" />
    <ClCompile Include="..\src\mge\materials\AbstractMaterial.cpp" />
    <ClCompile Include="..\src\mge\materials\ColorMaterial.cpp" />
    <ClCompile Include="..\src\mge\materials\TextureMaterial.cpp" />
    <ClCompile Include="..\src\mge\MGEDemo.cpp" />
    <ClCompile Include="..\src\mge\util\DebugHud.cpp" />
    <ClCompile Include="PhysicsGame.cpp" />
    <ClCompile Include="..\src\mge\behaviours\OrbitBehavior.cpp" />
  </ItemGroup>
  <ItemGroup>
    <ClInclude Include="..\src\glm.hpp" />
    <ClInclude Include="..\src\mge\BartScene.h" />
    <ClInclude Include="..\src\mge\behaviours\AbstractBehaviour.hpp" />
    <ClInclude Include="..\src\mge\behaviours\KeysBehaviour.hpp" />
    <ClInclude Include="..\src\mge\behaviours\LookAt.hpp" />
    <ClInclude Include="..\src\mge\behaviours\MovementBehavior.h" />
    <ClInclude Include="..\src\mge\behaviours\RotatingBehaviour.hpp" />
    <ClInclude Include="..\src\mge\config.hpp" />
    <ClInclude Include="..\src\mge\core\AbstractGame.hpp" />
    <ClInclude Include="..\src\mge\core\Camera.hpp" />
    <ClInclude Include="..\src\mge\core\GameObject.hpp" />
    <ClInclude Include="..\src\mge\core\Mesh.hpp" />
    <ClInclude Include="..\src\mge\core\Renderer.hpp" />
    <ClInclude Include="..\src\mge\core\ShaderProgram.hpp" />
    <ClInclude Include="..\src\mge\core\Texture.hpp" />
    <ClInclude Include="..\src\mge\core\World.hpp" />
    <ClInclude Include="..\src\mge\KotrynaScene.h" />
    <ClInclude Include="..\src\mge\MarijnScene.h" />
    <ClInclude Include="..\src\mge\materials\AbstractMaterial.hpp" />
    <ClInclude Include="..\src\mge\materials\ColorMaterial.hpp" />
    <ClInclude Include="..\src\mge\materials\TextureMaterial.hpp" />
    <ClInclude Include="..\src\mge\MGEDemo.hpp" />
    <ClInclude Include="..\src\mge\util\DebugHud.hpp" />
    <ClInclude Include="PhysicsGame.h" />
    <ClInclude Include="..\src\mge\behaviours\OrbitBehavior.h" />
  </ItemGroup>
</Project>