
Microsoft Visual Studio Solution File, Format Version 12.00
# Visual Studio 14
VisualStudioVersion = 14.0.25420.1
MinimumVisualStudioVersion = 10.0.40219.1
Project("{8BC9CEB8-8B4A-11D0-8D11-00A0C91BC942}") = "MicroGameEngine", "mge.vcxproj", "{9BF1737F-5BBF-413D-A25B-8DA45BE5CF13}"
EndProject
Project("{8BC9CEB8-8B4A-11D0-8D11-00A0C91BC942}") = "BulletCollision", "..\lib\bullet\preb\src\BulletCollision\BulletCollision.vcxproj", "{3B1E18A6-4ECD-3C46-9C52-C53FAAD07CB9}"
EndProject
Project("{8BC9CEB8-8B4A-11D0-8D11-00A0C91BC942}") = "BulletDynamics", "..\lib\bullet\preb\src\BulletDynamics\BulletDynamics.vcxproj", "{B4C4773A-E2B3-3227-8466-AAF38B4C9989}"
EndProject
Project("{8BC9CEB8-8B4A-11D0-8D11-00A0C91BC942}") = "LinearMath", "..\lib\bullet\preb\src\LinearMath\LinearMath.vcxproj", "{9A594232-0297-35A7-976B-5E2C5BABF9AE}"
EndProject
Global
	GlobalSection(SolutionConfigurationPlatforms) = preSolution
		Debug Dynamic|x64 = Debug Dynamic|x64
		Debug Dynamic|x86 = Debug Dynamic|x86
		Debug Static|x64 = Debug Static|x64
		Debug Static|x86 = Debug Static|x86
		Debug|x64 = Debug|x64
		Debug|x86 = Debug|x86
		MinSizeRel|x64 = MinSizeRel|x64
		MinSizeRel|x86 = MinSizeRel|x86
		Release Dynamic|x64 = Release Dynamic|x64
		Release Dynamic|x86 = Release Dynamic|x86
		Release Static|x64 = Release Static|x64
		Release Static|x86 = Release Static|x86
		Release|x64 = Release|x64
		Release|x86 = Release|x86
		RelWithDebInfo|x64 = RelWithDebInfo|x64
		RelWithDebInfo|x86 = RelWithDebInfo|x86
	EndGlobalSection
	GlobalSection(ProjectConfigurationPlatforms) = postSolution
		{9BF1737F-5BBF-413D-A25B-8DA45BE5CF13}.Debug Dynamic|x64.ActiveCfg = Debug Dynamic|Win32
		{9BF1737F-5BBF-413D-A25B-8DA45BE5CF13}.Debug Dynamic|x86.ActiveCfg = Debug Dynamic|Win32
		{9BF1737F-5BBF-413D-A25B-8DA45BE5CF13}.Debug Dynamic|x86.Build.0 = Debug Dynamic|Win32
		{9BF1737F-5BBF-413D-A25B-8DA45BE5CF13}.Debug Static|x64.ActiveCfg = Debug Static|Win32
		{9BF1737F-5BBF-413D-A25B-8DA45BE5CF13}.Debug Static|x86.ActiveCfg = Debug Static|Win32
		{9BF1737F-5BBF-413D-A25B-8DA45BE5CF13}.Debug Static|x86.Build.0 = Debug Static|Win32
		{9BF1737F-5BBF-413D-A25B-8DA45BE5CF13}.Debug|x64.ActiveCfg = Release Static|Win32
		{9BF1737F-5BBF-413D-A25B-8DA45BE5CF13}.Debug|x64.Build.0 = Release Static|Win32
		{9BF1737F-5BBF-413D-A25B-8DA45BE5CF13}.Debug|x86.ActiveCfg = Debug Static|Win32
		{9BF1737F-5BBF-413D-A25B-8DA45BE5CF13}.Debug|x86.Build.0 = Debug Static|Win32
		{9BF1737F-5BBF-413D-A25B-8DA45BE5CF13}.MinSizeRel|x64.ActiveCfg = Release Static|Win32
		{9BF1737F-5BBF-413D-A25B-8DA45BE5CF13}.MinSizeRel|x64.Build.0 = Release Static|Win32
		{9BF1737F-5BBF-413D-A25B-8DA45BE5CF13}.MinSizeRel|x86.ActiveCfg = Release Static|Win32
		{9BF1737F-5BBF-413D-A25B-8DA45BE5CF13}.MinSizeRel|x86.Build.0 = Release Static|Win32
		{9BF1737F-5BBF-413D-A25B-8DA45BE5CF13}.Release Dynamic|x64.ActiveCfg = Release Dynamic|Win32
		{9BF1737F-5BBF-413D-A25B-8DA45BE5CF13}.Release Dynamic|x86.ActiveCfg = Release Dynamic|Win32
		{9BF1737F-5BBF-413D-A25B-8DA45BE5CF13}.Release Dynamic|x86.Build.0 = Release Dynamic|Win32
		{9BF1737F-5BBF-413D-A25B-8DA45BE5CF13}.Release Static|x64.ActiveCfg = Release Static|Win32
		{9BF1737F-5BBF-413D-A25B-8DA45BE5CF13}.Release Static|x86.ActiveCfg = Release Static|Win32
		{9BF1737F-5BBF-413D-A25B-8DA45BE5CF13}.Release Static|x86.Build.0 = Release Static|Win32
		{9BF1737F-5BBF-413D-A25B-8DA45BE5CF13}.Release|x64.ActiveCfg = Release Static|Win32
		{9BF1737F-5BBF-413D-A25B-8DA45BE5CF13}.Release|x64.Build.0 = Release Static|Win32
		{9BF1737F-5BBF-413D-A25B-8DA45BE5CF13}.Release|x86.ActiveCfg = Release Static|Win32
		{9BF1737F-5BBF-413D-A25B-8DA45BE5CF13}.Release|x86.Build.0 = Release Static|Win32
		{9BF1737F-5BBF-413D-A25B-8DA45BE5CF13}.RelWithDebInfo|x64.ActiveCfg = Release Static|Win32
		{9BF1737F-5BBF-413D-A25B-8DA45BE5CF13}.RelWithDebInfo|x64.Build.0 = Release Static|Win32
		{9BF1737F-5BBF-413D-A25B-8DA45BE5CF13}.RelWithDebInfo|x86.ActiveCfg = Release Static|Win32
		{9BF1737F-5BBF-413D-A25B-8DA45BE5CF13}.RelWithDebInfo|x86.Build.0 = Release Static|Win32
		{3B1E18A6-4ECD-3C46-9C52-C53FAAD07CB9}.Debug Dynamic|x64.ActiveCfg = Release|Win32
		{3B1E18A6-4ECD-3C46-9C52-C53FAAD07CB9}.Debug Dynamic|x64.Build.0 = Release|Win32
		{3B1E18A6-4ECD-3C46-9C52-C53FAAD07CB9}.Debug Dynamic|x86.ActiveCfg = Debug|Win32
		{3B1E18A6-4ECD-3C46-9C52-C53FAAD07CB9}.Debug Dynamic|x86.Build.0 = Debug|Win32
		{3B1E18A6-4ECD-3C46-9C52-C53FAAD07CB9}.Debug Static|x64.ActiveCfg = Release|Win32
		{3B1E18A6-4ECD-3C46-9C52-C53FAAD07CB9}.Debug Static|x64.Build.0 = Release|Win32
		{3B1E18A6-4ECD-3C46-9C52-C53FAAD07CB9}.Debug Static|x86.ActiveCfg = Debug|Win32
		{3B1E18A6-4ECD-3C46-9C52-C53FAAD07CB9}.Debug Static|x86.Build.0 = Debug|Win32
		{3B1E18A6-4ECD-3C46-9C52-C53FAAD07CB9}.Debug|x64.ActiveCfg = Debug|Win32
		{3B1E18A6-4ECD-3C46-9C52-C53FAAD07CB9}.Debug|x86.ActiveCfg = Debug|Win32
		{3B1E18A6-4ECD-3C46-9C52-C53FAAD07CB9}.Debug|x86.Build.0 = Debug|Win32
		{3B1E18A6-4ECD-3C46-9C52-C53FAAD07CB9}.MinSizeRel|x64.ActiveCfg = MinSizeRel|Win32
		{3B1E18A6-4ECD-3C46-9C52-C53FAAD07CB9}.MinSizeRel|x86.ActiveCfg = MinSizeRel|Win32
		{3B1E18A6-4ECD-3C46-9C52-C53FAAD07CB9}.MinSizeRel|x86.Build.0 = MinSizeRel|Win32
		{3B1E18A6-4ECD-3C46-9C52-C53FAAD07CB9}.Release Dynamic|x64.ActiveCfg = Release|Win32
		{3B1E18A6-4ECD-3C46-9C52-C53FAAD07CB9}.Release Dynamic|x64.Build.0 = Release|Win32
		{3B1E18A6-4ECD-3C46-9C52-C53FAAD07CB9}.Release Dynamic|x86.ActiveCfg = Release|Win32
		{3B1E18A6-4ECD-3C46-9C52-C53FAAD07CB9}.Release Dynamic|x86.Build.0 = Release|Win32
		{3B1E18A6-4ECD-3C46-9C52-C53FAAD07CB9}.Release Static|x64.ActiveCfg = Release|Win32
		{3B1E18A6-4ECD-3C46-9C52-C53FAAD07CB9}.Release Static|x64.Build.0 = Release|Win32
		{3B1E18A6-4ECD-3C46-9C52-C53FAAD07CB9}.Release Static|x86.ActiveCfg = Release|Win32
		{3B1E18A6-4ECD-3C46-9C52-C53FAAD07CB9}.Release Static|x86.Build.0 = Release|Win32
		{3B1E18A6-4ECD-3C46-9C52-C53FAAD07CB9}.Release|x64.ActiveCfg = Release|Win32
		{3B1E18A6-4ECD-3C46-9C52-C53FAAD07CB9}.Release|x86.ActiveCfg = Release|Win32
		{3B1E18A6-4ECD-3C46-9C52-C53FAAD07CB9}.Release|x86.Build.0 = Release|Win32
		{3B1E18A6-4ECD-3C46-9C52-C53FAAD07CB9}.RelWithDebInfo|x64.ActiveCfg = RelWithDebInfo|Win32
		{3B1E18A6-4ECD-3C46-9C52-C53FAAD07CB9}.RelWithDebInfo|x86.ActiveCfg = RelWithDebInfo|Win32
		{3B1E18A6-4ECD-3C46-9C52-C53FAAD07CB9}.RelWithDebInfo|x86.Build.0 = RelWithDebInfo|Win32
		{B4C4773A-E2B3-3227-8466-AAF38B4C9989}.Debug Dynamic|x64.ActiveCfg = Release|Win32
		{B4C4773A-E2B3-3227-8466-AAF38B4C9989}.Debug Dynamic|x64.Build.0 = Release|Win32
		{B4C4773A-E2B3-3227-8466-AAF38B4C9989}.Debug Dynamic|x86.ActiveCfg = Debug|Win32
		{B4C4773A-E2B3-3227-8466-AAF38B4C9989}.Debug Dynamic|x86.Build.0 = Debug|Win32
		{B4C4773A-E2B3-3227-8466-AAF38B4C9989}.Debug Static|x64.ActiveCfg = Release|Win32
		{B4C4773A-E2B3-3227-8466-AAF38B4C9989}.Debug Static|x64.Build.0 = Release|Win32
		{B4C4773A-E2B3-3227-8466-AAF38B4C9989}.Debug Static|x86.ActiveCfg = Debug|Win32
		{B4C4773A-E2B3-3227-8466-AAF38B4C9989}.Debug Static|x86.Build.0 = Debug|Win32
		{B4C4773A-E2B3-3227-8466-AAF38B4C9989}.Debug|x64.ActiveCfg = Debug|Win32
		{B4C4773A-E2B3-3227-8466-AAF38B4C9989}.Debug|x86.ActiveCfg = Debug|Win32
		{B4C4773A-E2B3-3227-8466-AAF38B4C9989}.Debug|x86.Build.0 = Debug|Win32
		{B4C4773A-E2B3-3227-8466-AAF38B4C9989}.MinSizeRel|x64.ActiveCfg = MinSizeRel|Win32
		{B4C4773A-E2B3-3227-8466-AAF38B4C9989}.MinSizeRel|x86.ActiveCfg = MinSizeRel|Win32
		{B4C4773A-E2B3-3227-8466-AAF38B4C9989}.MinSizeRel|x86.Build.0 = MinSizeRel|Win32
		{B4C4773A-E2B3-3227-8466-AAF38B4C9989}.Release Dynamic|x64.ActiveCfg = Release|Win32
		{B4C4773A-E2B3-3227-8466-AAF38B4C9989}.Release Dynamic|x64.Build.0 = Release|Win32
		{B4C4773A-E2B3-3227-8466-AAF38B4C9989}.Release Dynamic|x86.ActiveCfg = Release|Win32
		{B4C4773A-E2B3-3227-8466-AAF38B4C9989}.Release Dynamic|x86.Build.0 = Release|Win32
		{B4C4773A-E2B3-3227-8466-AAF38B4C9989}.Release Static|x64.ActiveCfg = Release|Win32
		{B4C4773A-E2B3-3227-8466-AAF38B4C9989}.Release Static|x64.Build.0 = Release|Win32
		{B4C4773A-E2B3-3227-8466-AAF38B4C9989}.Release Static|x86.ActiveCfg = Release|Win32
		{B4C4773A-E2B3-3227-8466-AAF38B4C9989}.Release Static|x86.Build.0 = Release|Win32
		{B4C4773A-E2B3-3227-8466-AAF38B4C9989}.Release|x64.ActiveCfg = Release|Win32
		{B4C4773A-E2B3-3227-8466-AAF38B4C9989}.Release|x86.ActiveCfg = Release|Win32
		{B4C4773A-E2B3-3227-8466-AAF38B4C9989}.Release|x86.Build.0 = Release|Win32
		{B4C4773A-E2B3-3227-8466-AAF38B4C9989}.RelWithDebInfo|x64.ActiveCfg = RelWithDebInfo|Win32
		{B4C4773A-E2B3-3227-8466-AAF38B4C9989}.RelWithDebInfo|x86.ActiveCfg = RelWithDebInfo|Win32
		{B4C4773A-E2B3-3227-8466-AAF38B4C9989}.RelWithDebInfo|x86.Build.0 = RelWithDebInfo|Win32
		{9A594232-0297-35A7-976B-5E2C5BABF9AE}.Debug Dynamic|x64.ActiveCfg = Release|Win32
		{9A594232-0297-35A7-976B-5E2C5BABF9AE}.Debug Dynamic|x64.Build.0 = Release|Win32
		{9A594232-0297-35A7-976B-5E2C5BABF9AE}.Debug Dynamic|x86.ActiveCfg = Debug|Win32
		{9A594232-0297-35A7-976B-5E2C5BABF9AE}.Debug Dynamic|x86.Build.0 = Debug|Win32
		{9A594232-0297-35A7-976B-5E2C5BABF9AE}.Debug Static|x64.ActiveCfg = Release|Win32
		{9A594232-0297-35A7-976B-5E2C5BABF9AE}.Debug Static|x64.Build.0 = Release|Win32
		{9A594232-0297-35A7-976B-5E2C5BABF9AE}.Debug Static|x86.ActiveCfg = Debug|Win32
		{9A594232-0297-35A7-976B-5E2C5BABF9AE}.Debug Static|x86.Build.0 = Debug|Win32
		{9A594232-0297-35A7-976B-5E2C5BABF9AE}.Debug|x64.ActiveCfg = Debug|Win32
		{9A594232-0297-35A7-976B-5E2C5BABF9AE}.Debug|x86.ActiveCfg = Debug|Win32
		{9A594232-0297-35A7-976B-5E2C5BABF9AE}.Debug|x86.Build.0 = Debug|Win32
		{9A594232-0297-35A7-976B-5E2C5BABF9AE}.MinSizeRel|x64.ActiveCfg = MinSizeRel|Win32
		{9A594232-0297-35A7-976B-5E2C5BABF9AE}.MinSizeRel|x86.ActiveCfg = MinSizeRel|Win32
		{9A594232-0297-35A7-976B-5E2C5BABF9AE}.MinSizeRel|x86.Build.0 = MinSizeRel|Win32
		{9A594232-0297-35A7-976B-5E2C5BABF9AE}.Release Dynamic|x64.ActiveCfg = Release|Win32
		{9A594232-0297-35A7-976B-5E2C5BABF9AE}.Release Dynamic|x64.Build.0 = Release|Win32
		{9A594232-0297-35A7-976B-5E2C5BABF9AE}.Release Dynamic|x86.ActiveCfg = Release|Win32
		{9A594232-0297-35A7-976B-5E2C5BABF9AE}.Release Dynamic|x86.Build.0 = Release|Win32
		{9A594232-0297-35A7-976B-5E2C5BABF9AE}.Release Static|x64.ActiveCfg = Release|Win32
		{9A594232-0297-35A7-976B-5E2C5BABF9AE}.Release Static|x64.Build.0 = Release|Win32
		{9A594232-0297-35A7-976B-5E2C5BABF9AE}.Release Static|x86.ActiveCfg = Release|Win32
		{9A594232-0297-35A7-976B-5E2C5BABF9AE}.Release Static|x86.Build.0 = Release|Win32
		{9A594232-0297-35A7-976B-5E2C5BABF9AE}.Release|x64.ActiveCfg = Release|Win32
		{9A594232-0297-35A7-976B-5E2C5BABF9AE}.Release|x86.ActiveCfg = Release|Win32
		{9A594232-0297-35A7-976B-5E2C5BABF9AE}.Release|x86.Build.0 = Release|Win32
		{9A594232-0297-35A7-976B-5E2C5BABF9AE}.RelWithDebInfo|x64.ActiveCfg = RelWithDebInfo|Win32
		{9A594232-0297-35A7-976B-5E2C5BABF9AE}.RelWithDebInfo|x86.ActiveCfg = RelWithDebInfo|Win32
		{9A594232-0297-35A7-976B-5E2C5BABF9AE}.RelWithDebInfo|x86.Build.0 = RelWithDebInfo|Win32
	EndGlobalSection
	GlobalSection(SolutionProperties) = preSolution
		HideSolutionNode = FALSE
	EndGlobalSection
EndGlobal
