Microsoft Visual Studio Solution File, Format Version 12.00
# Visual Studio 14
Project("{8BC9CEB8-8B4A-11D0-8D11-00A0C91BC942}") = "ALL_BUILD", "ALL_BUILD.vcxproj", "{8FE8DFDA-189C-3B64-9915-F75690342A15}"
	ProjectSection(ProjectDependencies) = postProject
		{1B114C6E-D223-326F-9D77-1A05863C1EFD} = {1B114C6E-D223-326F-9D77-1A05863C1EFD}
		{D51142D6-C1E2-3A14-97F4-4AE9F0AD4243} = {D51142D6-C1E2-3A14-97F4-4AE9F0AD4243}
		{03C84F18-1249-36ED-937D-E6D76F4EAFD5} = {03C84F18-1249-36ED-937D-E6D76F4EAFD5}
		{B502EC01-357E-3D41-A563-3E3A06EADF33} = {B502EC01-357E-3D41-A563-3E3A06EADF33}
		{DE31539D-5C9E-3622-80BF-22CD6282DDCB} = {DE31539D-5C9E-3622-80BF-22CD6282DDCB}
		{11C227C0-5577-3534-A9DA-C8F208FD979A} = {11C227C0-5577-3534-A9DA-C8F208FD979A}
		{3B1E18A6-4ECD-3C46-9C52-C53FAAD07CB9} = {3B1E18A6-4ECD-3C46-9C52-C53FAAD07CB9}
		{B4C4773A-E2B3-3227-8466-AAF38B4C9989} = {B4C4773A-E2B3-3227-8466-AAF38B4C9989}
		{CA8F8B2D-3B1D-369A-93E2-D8A4223712C4} = {CA8F8B2D-3B1D-369A-93E2-D8A4223712C4}
		{D663E369-58CD-340F-85BE-7161614D9A55} = {D663E369-58CD-340F-85BE-7161614D9A55}
		{D7197854-2F2F-3A71-801E-F1A566F925D0} = {D7197854-2F2F-3A71-801E-F1A566F925D0}
		{01DC8DCE-BF29-32A9-B1C4-D1BD92ABD10F} = {01DC8DCE-BF29-32A9-B1C4-D1BD92ABD10F}
		{AABE76C6-F0EF-37E0-BEA7-EEF773FB781D} = {AABE76C6-F0EF-37E0-BEA7-EEF773FB781D}
		{576E08EA-0F64-3131-9C65-FD47E37A189B} = {576E08EA-0F64-3131-9C65-FD47E37A189B}
		{16EB8F82-B0EF-36B0-9448-C7BB1DE275AC} = {16EB8F82-B0EF-36B0-9448-C7BB1DE275AC}
		{ECDBC215-EA50-3984-B8DC-937AE796F18A} = {ECDBC215-EA50-3984-B8DC-937AE796F18A}
		{D119673F-CAC3-3C44-BF57-AFD3A8CE6190} = {D119673F-CAC3-3C44-BF57-AFD3A8CE6190}
		{9A594232-0297-35A7-976B-5E2C5BABF9AE} = {9A594232-0297-35A7-976B-5E2C5BABF9AE}
		{23A96163-F6C3-302F-B223-BF892B708E53} = {23A96163-F6C3-302F-B223-BF892B708E53}
		{1F5F01CD-73E1-3375-BA4D-B6A94D1E85ED} = {1F5F01CD-73E1-3375-BA4D-B6A94D1E85ED}
		{A4FD2B62-9C74-3FCD-AE74-F582FDA27742} = {A4FD2B62-9C74-3FCD-AE74-F582FDA27742}
		{C40A4B99-1663-398E-A634-7102F4214D19} = {C40A4B99-1663-398E-A634-7102F4214D19}
		{6E15AC41-5192-3549-8B93-707D08CECFBE} = {6E15AC41-5192-3549-8B93-707D08CECFBE}
		{33233B70-725F-336B-88EE-F39BBFC17322} = {33233B70-725F-336B-88EE-F39BBFC17322}
		{33DA53D5-5C87-3CBB-B312-12F97F8AEECD} = {33DA53D5-5C87-3CBB-B312-12F97F8AEECD}
		{45B1071A-FB99-3328-872C-092F6680DA5F} = {45B1071A-FB99-3328-872C-092F6680DA5F}
	EndProjectSection
EndProject
Project("{8BC9CEB8-8B4A-11D0-8D11-00A0C91BC942}") = "Bullet2FileLoader", "src\Bullet3Serialize\Bullet2FileLoader\Bullet2FileLoader.vcxproj", "{1B114C6E-D223-326F-9D77-1A05863C1EFD}"
	ProjectSection(ProjectDependencies) = postProject
		{33DA53D5-5C87-3CBB-B312-12F97F8AEECD} = {33DA53D5-5C87-3CBB-B312-12F97F8AEECD}
	EndProjectSection
EndProject
Project("{8BC9CEB8-8B4A-11D0-8D11-00A0C91BC942}") = "Bullet3Collision", "src\Bullet3Collision\Bullet3Collision.vcxproj", "{D51142D6-C1E2-3A14-97F4-4AE9F0AD4243}"
	ProjectSection(ProjectDependencies) = postProject
		{33DA53D5-5C87-3CBB-B312-12F97F8AEECD} = {33DA53D5-5C87-3CBB-B312-12F97F8AEECD}
	EndProjectSection
EndProject
Project("{8BC9CEB8-8B4A-11D0-8D11-00A0C91BC942}") = "Bullet3Common", "src\Bullet3Common\Bullet3Common.vcxproj", "{03C84F18-1249-36ED-937D-E6D76F4EAFD5}"
	ProjectSection(ProjectDependencies) = postProject
		{33DA53D5-5C87-3CBB-B312-12F97F8AEECD} = {33DA53D5-5C87-3CBB-B312-12F97F8AEECD}
	EndProjectSection
EndProject
Project("{8BC9CEB8-8B4A-11D0-8D11-00A0C91BC942}") = "Bullet3Dynamics", "src\Bullet3Dynamics\Bullet3Dynamics.vcxproj", "{B502EC01-357E-3D41-A563-3E3A06EADF33}"
	ProjectSection(ProjectDependencies) = postProject
		{33DA53D5-5C87-3CBB-B312-12F97F8AEECD} = {33DA53D5-5C87-3CBB-B312-12F97F8AEECD}
	EndProjectSection
EndProject
Project("{8BC9CEB8-8B4A-11D0-8D11-00A0C91BC942}") = "Bullet3Geometry", "src\Bullet3Geometry\Bullet3Geometry.vcxproj", "{DE31539D-5C9E-3622-80BF-22CD6282DDCB}"
	ProjectSection(ProjectDependencies) = postProject
		{33DA53D5-5C87-3CBB-B312-12F97F8AEECD} = {33DA53D5-5C87-3CBB-B312-12F97F8AEECD}
	EndProjectSection
EndProject
Project("{8BC9CEB8-8B4A-11D0-8D11-00A0C91BC942}") = "Bullet3OpenCL_clew", "src\Bullet3OpenCL\Bullet3OpenCL_clew.vcxproj", "{11C227C0-5577-3534-A9DA-C8F208FD979A}"
	ProjectSection(ProjectDependencies) = postProject
		{33DA53D5-5C87-3CBB-B312-12F97F8AEECD} = {33DA53D5-5C87-3CBB-B312-12F97F8AEECD}
	EndProjectSection
EndProject
Project("{8BC9CEB8-8B4A-11D0-8D11-00A0C91BC942}") = "BulletCollision", "src\BulletCollision\BulletCollision.vcxproj", "{3B1E18A6-4ECD-3C46-9C52-C53FAAD07CB9}"
	ProjectSection(ProjectDependencies) = postProject
		{33DA53D5-5C87-3CBB-B312-12F97F8AEECD} = {33DA53D5-5C87-3CBB-B312-12F97F8AEECD}
	EndProjectSection
EndProject
Project("{8BC9CEB8-8B4A-11D0-8D11-00A0C91BC942}") = "BulletDynamics", "src\BulletDynamics\BulletDynamics.vcxproj", "{B4C4773A-E2B3-3227-8466-AAF38B4C9989}"
	ProjectSection(ProjectDependencies) = postProject
		{33DA53D5-5C87-3CBB-B312-12F97F8AEECD} = {33DA53D5-5C87-3CBB-B312-12F97F8AEECD}
	EndProjectSection
EndProject
Project("{8BC9CEB8-8B4A-11D0-8D11-00A0C91BC942}") = "BulletFileLoader", "Extras\Serialize\BulletFileLoader\BulletFileLoader.vcxproj", "{CA8F8B2D-3B1D-369A-93E2-D8A4223712C4}"
	ProjectSection(ProjectDependencies) = postProject
		{33DA53D5-5C87-3CBB-B312-12F97F8AEECD} = {33DA53D5-5C87-3CBB-B312-12F97F8AEECD}
	EndProjectSection
EndProject
Project("{8BC9CEB8-8B4A-11D0-8D11-00A0C91BC942}") = "BulletInverseDynamics", "src\BulletInverseDynamics\BulletInverseDynamics.vcxproj", "{D663E369-58CD-340F-85BE-7161614D9A55}"
	ProjectSection(ProjectDependencies) = postProject
		{33DA53D5-5C87-3CBB-B312-12F97F8AEECD} = {33DA53D5-5C87-3CBB-B312-12F97F8AEECD}
	EndProjectSection
EndProject
Project("{8BC9CEB8-8B4A-11D0-8D11-00A0C91BC942}") = "BulletInverseDynamicsUtils", "Extras\InverseDynamics\BulletInverseDynamicsUtils.vcxproj", "{D7197854-2F2F-3A71-801E-F1A566F925D0}"
	ProjectSection(ProjectDependencies) = postProject
		{33DA53D5-5C87-3CBB-B312-12F97F8AEECD} = {33DA53D5-5C87-3CBB-B312-12F97F8AEECD}
	EndProjectSection
EndProject
Project("{8BC9CEB8-8B4A-11D0-8D11-00A0C91BC942}") = "BulletSoftBody", "src\BulletSoftBody\BulletSoftBody.vcxproj", "{01DC8DCE-BF29-32A9-B1C4-D1BD92ABD10F}"
	ProjectSection(ProjectDependencies) = postProject
		{33DA53D5-5C87-3CBB-B312-12F97F8AEECD} = {33DA53D5-5C87-3CBB-B312-12F97F8AEECD}
	EndProjectSection
EndProject
Project("{8BC9CEB8-8B4A-11D0-8D11-00A0C91BC942}") = "BulletWorldImporter", "Extras\Serialize\BulletWorldImporter\BulletWorldImporter.vcxproj", "{AABE76C6-F0EF-37E0-BEA7-EEF773FB781D}"
	ProjectSection(ProjectDependencies) = postProject
		{33DA53D5-5C87-3CBB-B312-12F97F8AEECD} = {33DA53D5-5C87-3CBB-B312-12F97F8AEECD}
	EndProjectSection
EndProject
Project("{8BC9CEB8-8B4A-11D0-8D11-00A0C91BC942}") = "BulletXmlWorldImporter", "Extras\Serialize\BulletXmlWorldImporter\BulletXmlWorldImporter.vcxproj", "{576E08EA-0F64-3131-9C65-FD47E37A189B}"
	ProjectSection(ProjectDependencies) = postProject
		{33DA53D5-5C87-3CBB-B312-12F97F8AEECD} = {33DA53D5-5C87-3CBB-B312-12F97F8AEECD}
	EndProjectSection
EndProject
Project("{8BC9CEB8-8B4A-11D0-8D11-00A0C91BC942}") = "ConvexDecomposition", "Extras\ConvexDecomposition\ConvexDecomposition.vcxproj", "{16EB8F82-B0EF-36B0-9448-C7BB1DE275AC}"
	ProjectSection(ProjectDependencies) = postProject
		{33DA53D5-5C87-3CBB-B312-12F97F8AEECD} = {33DA53D5-5C87-3CBB-B312-12F97F8AEECD}
	EndProjectSection
EndProject
Project("{8BC9CEB8-8B4A-11D0-8D11-00A0C91BC942}") = "GIMPACTUtils", "Extras\GIMPACTUtils\GIMPACTUtils.vcxproj", "{ECDBC215-EA50-3984-B8DC-937AE796F18A}"
	ProjectSection(ProjectDependencies) = postProject
		{33DA53D5-5C87-3CBB-B312-12F97F8AEECD} = {33DA53D5-5C87-3CBB-B312-12F97F8AEECD}
	EndProjectSection
EndProject
Project("{8BC9CEB8-8B4A-11D0-8D11-00A0C91BC942}") = "HACD", "Extras\HACD\HACD.vcxproj", "{D119673F-CAC3-3C44-BF57-AFD3A8CE6190}"
	ProjectSection(ProjectDependencies) = postProject
		{33DA53D5-5C87-3CBB-B312-12F97F8AEECD} = {33DA53D5-5C87-3CBB-B312-12F97F8AEECD}
	EndProjectSection
EndProject
Project("{8BC9CEB8-8B4A-11D0-8D11-00A0C91BC942}") = "INSTALL", "INSTALL.vcxproj", "{6AC469AB-C867-3BBF-8718-AE494F849C08}"
	ProjectSection(ProjectDependencies) = postProject
		{8FE8DFDA-189C-3B64-9915-F75690342A15} = {8FE8DFDA-189C-3B64-9915-F75690342A15}
		{33DA53D5-5C87-3CBB-B312-12F97F8AEECD} = {33DA53D5-5C87-3CBB-B312-12F97F8AEECD}
	EndProjectSection
EndProject
Project("{8BC9CEB8-8B4A-11D0-8D11-00A0C91BC942}") = "LinearMath", "src\LinearMath\LinearMath.vcxproj", "{9A594232-0297-35A7-976B-5E2C5BABF9AE}"
	ProjectSection(ProjectDependencies) = postProject
		{33DA53D5-5C87-3CBB-B312-12F97F8AEECD} = {33DA53D5-5C87-3CBB-B312-12F97F8AEECD}
	EndProjectSection
EndProject
Project("{8BC9CEB8-8B4A-11D0-8D11-00A0C91BC942}") = "RUN_TESTS", "RUN_TESTS.vcxproj", "{96F9B564-5A0C-39C4-936A-4BB1F1747062}"
	ProjectSection(ProjectDependencies) = postProject
		{33DA53D5-5C87-3CBB-B312-12F97F8AEECD} = {33DA53D5-5C87-3CBB-B312-12F97F8AEECD}
	EndProjectSection
EndProject
Project("{8BC9CEB8-8B4A-11D0-8D11-00A0C91BC942}") = "Test_BulletDynamics", "test\BulletDynamics\pendulum\Test_BulletDynamics.vcxproj", "{23A96163-F6C3-302F-B223-BF892B708E53}"
	ProjectSection(ProjectDependencies) = postProject
		{3B1E18A6-4ECD-3C46-9C52-C53FAAD07CB9} = {3B1E18A6-4ECD-3C46-9C52-C53FAAD07CB9}
		{B4C4773A-E2B3-3227-8466-AAF38B4C9989} = {B4C4773A-E2B3-3227-8466-AAF38B4C9989}
		{9A594232-0297-35A7-976B-5E2C5BABF9AE} = {9A594232-0297-35A7-976B-5E2C5BABF9AE}
		{33DA53D5-5C87-3CBB-B312-12F97F8AEECD} = {33DA53D5-5C87-3CBB-B312-12F97F8AEECD}
		{45B1071A-FB99-3328-872C-092F6680DA5F} = {45B1071A-FB99-3328-872C-092F6680DA5F}
	EndProjectSection
EndProject
Project("{8BC9CEB8-8B4A-11D0-8D11-00A0C91BC942}") = "Test_BulletInverseDynamics", "test\InverseDynamics\Test_BulletInverseDynamics.vcxproj", "{1F5F01CD-73E1-3375-BA4D-B6A94D1E85ED}"
	ProjectSection(ProjectDependencies) = postProject
		{03C84F18-1249-36ED-937D-E6D76F4EAFD5} = {03C84F18-1249-36ED-937D-E6D76F4EAFD5}
		{3B1E18A6-4ECD-3C46-9C52-C53FAAD07CB9} = {3B1E18A6-4ECD-3C46-9C52-C53FAAD07CB9}
		{B4C4773A-E2B3-3227-8466-AAF38B4C9989} = {B4C4773A-E2B3-3227-8466-AAF38B4C9989}
		{D663E369-58CD-340F-85BE-7161614D9A55} = {D663E369-58CD-340F-85BE-7161614D9A55}
		{D7197854-2F2F-3A71-801E-F1A566F925D0} = {D7197854-2F2F-3A71-801E-F1A566F925D0}
		{9A594232-0297-35A7-976B-5E2C5BABF9AE} = {9A594232-0297-35A7-976B-5E2C5BABF9AE}
		{33DA53D5-5C87-3CBB-B312-12F97F8AEECD} = {33DA53D5-5C87-3CBB-B312-12F97F8AEECD}
		{45B1071A-FB99-3328-872C-092F6680DA5F} = {45B1071A-FB99-3328-872C-092F6680DA5F}
	EndProjectSection
EndProject
Project("{8BC9CEB8-8B4A-11D0-8D11-00A0C91BC942}") = "Test_BulletInverseDynamicsJacobian", "test\InverseDynamics\Test_BulletInverseDynamicsJacobian.vcxproj", "{A4FD2B62-9C74-3FCD-AE74-F582FDA27742}"
	ProjectSection(ProjectDependencies) = postProject
		{03C84F18-1249-36ED-937D-E6D76F4EAFD5} = {03C84F18-1249-36ED-937D-E6D76F4EAFD5}
		{D663E369-58CD-340F-85BE-7161614D9A55} = {D663E369-58CD-340F-85BE-7161614D9A55}
		{D7197854-2F2F-3A71-801E-F1A566F925D0} = {D7197854-2F2F-3A71-801E-F1A566F925D0}
		{9A594232-0297-35A7-976B-5E2C5BABF9AE} = {9A594232-0297-35A7-976B-5E2C5BABF9AE}
		{33DA53D5-5C87-3CBB-B312-12F97F8AEECD} = {33DA53D5-5C87-3CBB-B312-12F97F8AEECD}
		{45B1071A-FB99-3328-872C-092F6680DA5F} = {45B1071A-FB99-3328-872C-092F6680DA5F}
	EndProjectSection
EndProject
Project("{8BC9CEB8-8B4A-11D0-8D11-00A0C91BC942}") = "Test_BulletInverseForwardDynamics", "test\InverseDynamics\Test_BulletInverseForwardDynamics.vcxproj", "{C40A4B99-1663-398E-A634-7102F4214D19}"
	ProjectSection(ProjectDependencies) = postProject
		{03C84F18-1249-36ED-937D-E6D76F4EAFD5} = {03C84F18-1249-36ED-937D-E6D76F4EAFD5}
		{3B1E18A6-4ECD-3C46-9C52-C53FAAD07CB9} = {3B1E18A6-4ECD-3C46-9C52-C53FAAD07CB9}
		{B4C4773A-E2B3-3227-8466-AAF38B4C9989} = {B4C4773A-E2B3-3227-8466-AAF38B4C9989}
		{D663E369-58CD-340F-85BE-7161614D9A55} = {D663E369-58CD-340F-85BE-7161614D9A55}
		{D7197854-2F2F-3A71-801E-F1A566F925D0} = {D7197854-2F2F-3A71-801E-F1A566F925D0}
		{9A594232-0297-35A7-976B-5E2C5BABF9AE} = {9A594232-0297-35A7-976B-5E2C5BABF9AE}
		{33DA53D5-5C87-3CBB-B312-12F97F8AEECD} = {33DA53D5-5C87-3CBB-B312-12F97F8AEECD}
		{45B1071A-FB99-3328-872C-092F6680DA5F} = {45B1071A-FB99-3328-872C-092F6680DA5F}
	EndProjectSection
EndProject
Project("{8BC9CEB8-8B4A-11D0-8D11-00A0C91BC942}") = "Test_Collision", "test\collision\Test_Collision.vcxproj", "{6E15AC41-5192-3549-8B93-707D08CECFBE}"
	ProjectSection(ProjectDependencies) = postProject
		{9A594232-0297-35A7-976B-5E2C5BABF9AE} = {9A594232-0297-35A7-976B-5E2C5BABF9AE}
		{33DA53D5-5C87-3CBB-B312-12F97F8AEECD} = {33DA53D5-5C87-3CBB-B312-12F97F8AEECD}
		{45B1071A-FB99-3328-872C-092F6680DA5F} = {45B1071A-FB99-3328-872C-092F6680DA5F}
	EndProjectSection
EndProject
Project("{8BC9CEB8-8B4A-11D0-8D11-00A0C91BC942}") = "Test_PhysicsClientServer", "test\SharedMemory\Test_PhysicsClientServer.vcxproj", "{33233B70-725F-336B-88EE-F39BBFC17322}"
	ProjectSection(ProjectDependencies) = postProject
		{03C84F18-1249-36ED-937D-E6D76F4EAFD5} = {03C84F18-1249-36ED-937D-E6D76F4EAFD5}
		{3B1E18A6-4ECD-3C46-9C52-C53FAAD07CB9} = {3B1E18A6-4ECD-3C46-9C52-C53FAAD07CB9}
		{B4C4773A-E2B3-3227-8466-AAF38B4C9989} = {B4C4773A-E2B3-3227-8466-AAF38B4C9989}
		{CA8F8B2D-3B1D-369A-93E2-D8A4223712C4} = {CA8F8B2D-3B1D-369A-93E2-D8A4223712C4}
		{D663E369-58CD-340F-85BE-7161614D9A55} = {D663E369-58CD-340F-85BE-7161614D9A55}
		{D7197854-2F2F-3A71-801E-F1A566F925D0} = {D7197854-2F2F-3A71-801E-F1A566F925D0}
		{AABE76C6-F0EF-37E0-BEA7-EEF773FB781D} = {AABE76C6-F0EF-37E0-BEA7-EEF773FB781D}
		{9A594232-0297-35A7-976B-5E2C5BABF9AE} = {9A594232-0297-35A7-976B-5E2C5BABF9AE}
		{33DA53D5-5C87-3CBB-B312-12F97F8AEECD} = {33DA53D5-5C87-3CBB-B312-12F97F8AEECD}
		{45B1071A-FB99-3328-872C-092F6680DA5F} = {45B1071A-FB99-3328-872C-092F6680DA5F}
	EndProjectSection
EndProject
Project("{8BC9CEB8-8B4A-11D0-8D11-00A0C91BC942}") = "ZERO_CHECK", "ZERO_CHECK.vcxproj", "{33DA53D5-5C87-3CBB-B312-12F97F8AEECD}"
	ProjectSection(ProjectDependencies) = postProject
	EndProjectSection
EndProject
Project("{8BC9CEB8-8B4A-11D0-8D11-00A0C91BC942}") = "gtest", "test\gtest-1.7.0\gtest.vcxproj", "{45B1071A-FB99-3328-872C-092F6680DA5F}"
	ProjectSection(ProjectDependencies) = postProject
		{33DA53D5-5C87-3CBB-B312-12F97F8AEECD} = {33DA53D5-5C87-3CBB-B312-12F97F8AEECD}
	EndProjectSection
EndProject
Global
	GlobalSection(SolutionConfigurationPlatforms) = preSolution
		Debug|Win32 = Debug|Win32
		Release|Win32 = Release|Win32
		MinSizeRel|Win32 = MinSizeRel|Win32
		RelWithDebInfo|Win32 = RelWithDebInfo|Win32
	EndGlobalSection
	GlobalSection(ProjectConfigurationPlatforms) = postSolution
		{8FE8DFDA-189C-3B64-9915-F75690342A15}.Debug|Win32.ActiveCfg = Debug|Win32
		{8FE8DFDA-189C-3B64-9915-F75690342A15}.Debug|Win32.Build.0 = Debug|Win32
		{8FE8DFDA-189C-3B64-9915-F75690342A15}.Release|Win32.ActiveCfg = Release|Win32
		{8FE8DFDA-189C-3B64-9915-F75690342A15}.Release|Win32.Build.0 = Release|Win32
		{8FE8DFDA-189C-3B64-9915-F75690342A15}.MinSizeRel|Win32.ActiveCfg = MinSizeRel|Win32
		{8FE8DFDA-189C-3B64-9915-F75690342A15}.MinSizeRel|Win32.Build.0 = MinSizeRel|Win32
		{8FE8DFDA-189C-3B64-9915-F75690342A15}.RelWithDebInfo|Win32.ActiveCfg = RelWithDebInfo|Win32
		{8FE8DFDA-189C-3B64-9915-F75690342A15}.RelWithDebInfo|Win32.Build.0 = RelWithDebInfo|Win32
		{1B114C6E-D223-326F-9D77-1A05863C1EFD}.Debug|Win32.ActiveCfg = Debug|Win32
		{1B114C6E-D223-326F-9D77-1A05863C1EFD}.Debug|Win32.Build.0 = Debug|Win32
		{1B114C6E-D223-326F-9D77-1A05863C1EFD}.Release|Win32.ActiveCfg = Release|Win32
		{1B114C6E-D223-326F-9D77-1A05863C1EFD}.Release|Win32.Build.0 = Release|Win32
		{1B114C6E-D223-326F-9D77-1A05863C1EFD}.MinSizeRel|Win32.ActiveCfg = MinSizeRel|Win32
		{1B114C6E-D223-326F-9D77-1A05863C1EFD}.MinSizeRel|Win32.Build.0 = MinSizeRel|Win32
		{1B114C6E-D223-326F-9D77-1A05863C1EFD}.RelWithDebInfo|Win32.ActiveCfg = RelWithDebInfo|Win32
		{1B114C6E-D223-326F-9D77-1A05863C1EFD}.RelWithDebInfo|Win32.Build.0 = RelWithDebInfo|Win32
		{D51142D6-C1E2-3A14-97F4-4AE9F0AD4243}.Debug|Win32.ActiveCfg = Debug|Win32
		{D51142D6-C1E2-3A14-97F4-4AE9F0AD4243}.Debug|Win32.Build.0 = Debug|Win32
		{D51142D6-C1E2-3A14-97F4-4AE9F0AD4243}.Release|Win32.ActiveCfg = Release|Win32
		{D51142D6-C1E2-3A14-97F4-4AE9F0AD4243}.Release|Win32.Build.0 = Release|Win32
		{D51142D6-C1E2-3A14-97F4-4AE9F0AD4243}.MinSizeRel|Win32.ActiveCfg = MinSizeRel|Win32
		{D51142D6-C1E2-3A14-97F4-4AE9F0AD4243}.MinSizeRel|Win32.Build.0 = MinSizeRel|Win32
		{D51142D6-C1E2-3A14-97F4-4AE9F0AD4243}.RelWithDebInfo|Win32.ActiveCfg = RelWithDebInfo|Win32
		{D51142D6-C1E2-3A14-97F4-4AE9F0AD4243}.RelWithDebInfo|Win32.Build.0 = RelWithDebInfo|Win32
		{03C84F18-1249-36ED-937D-E6D76F4EAFD5}.Debug|Win32.ActiveCfg = Debug|Win32
		{03C84F18-1249-36ED-937D-E6D76F4EAFD5}.Debug|Win32.Build.0 = Debug|Win32
		{03C84F18-1249-36ED-937D-E6D76F4EAFD5}.Release|Win32.ActiveCfg = Release|Win32
		{03C84F18-1249-36ED-937D-E6D76F4EAFD5}.Release|Win32.Build.0 = Release|Win32
		{03C84F18-1249-36ED-937D-E6D76F4EAFD5}.MinSizeRel|Win32.ActiveCfg = MinSizeRel|Win32
		{03C84F18-1249-36ED-937D-E6D76F4EAFD5}.MinSizeRel|Win32.Build.0 = MinSizeRel|Win32
		{03C84F18-1249-36ED-937D-E6D76F4EAFD5}.RelWithDebInfo|Win32.ActiveCfg = RelWithDebInfo|Win32
		{03C84F18-1249-36ED-937D-E6D76F4EAFD5}.RelWithDebInfo|Win32.Build.0 = RelWithDebInfo|Win32
		{B502EC01-357E-3D41-A563-3E3A06EADF33}.Debug|Win32.ActiveCfg = Debug|Win32
		{B502EC01-357E-3D41-A563-3E3A06EADF33}.Debug|Win32.Build.0 = Debug|Win32
		{B502EC01-357E-3D41-A563-3E3A06EADF33}.Release|Win32.ActiveCfg = Release|Win32
		{B502EC01-357E-3D41-A563-3E3A06EADF33}.Release|Win32.Build.0 = Release|Win32
		{B502EC01-357E-3D41-A563-3E3A06EADF33}.MinSizeRel|Win32.ActiveCfg = MinSizeRel|Win32
		{B502EC01-357E-3D41-A563-3E3A06EADF33}.MinSizeRel|Win32.Build.0 = MinSizeRel|Win32
		{B502EC01-357E-3D41-A563-3E3A06EADF33}.RelWithDebInfo|Win32.ActiveCfg = RelWithDebInfo|Win32
		{B502EC01-357E-3D41-A563-3E3A06EADF33}.RelWithDebInfo|Win32.Build.0 = RelWithDebInfo|Win32
		{DE31539D-5C9E-3622-80BF-22CD6282DDCB}.Debug|Win32.ActiveCfg = Debug|Win32
		{DE31539D-5C9E-3622-80BF-22CD6282DDCB}.Debug|Win32.Build.0 = Debug|Win32
		{DE31539D-5C9E-3622-80BF-22CD6282DDCB}.Release|Win32.ActiveCfg = Release|Win32
		{DE31539D-5C9E-3622-80BF-22CD6282DDCB}.Release|Win32.Build.0 = Release|Win32
		{DE31539D-5C9E-3622-80BF-22CD6282DDCB}.MinSizeRel|Win32.ActiveCfg = MinSizeRel|Win32
		{DE31539D-5C9E-3622-80BF-22CD6282DDCB}.MinSizeRel|Win32.Build.0 = MinSizeRel|Win32
		{DE31539D-5C9E-3622-80BF-22CD6282DDCB}.RelWithDebInfo|Win32.ActiveCfg = RelWithDebInfo|Win32
		{DE31539D-5C9E-3622-80BF-22CD6282DDCB}.RelWithDebInfo|Win32.Build.0 = RelWithDebInfo|Win32
		{11C227C0-5577-3534-A9DA-C8F208FD979A}.Debug|Win32.ActiveCfg = Debug|Win32
		{11C227C0-5577-3534-A9DA-C8F208FD979A}.Debug|Win32.Build.0 = Debug|Win32
		{11C227C0-5577-3534-A9DA-C8F208FD979A}.Release|Win32.ActiveCfg = Release|Win32
		{11C227C0-5577-3534-A9DA-C8F208FD979A}.Release|Win32.Build.0 = Release|Win32
		{11C227C0-5577-3534-A9DA-C8F208FD979A}.MinSizeRel|Win32.ActiveCfg = MinSizeRel|Win32
		{11C227C0-5577-3534-A9DA-C8F208FD979A}.MinSizeRel|Win32.Build.0 = MinSizeRel|Win32
		{11C227C0-5577-3534-A9DA-C8F208FD979A}.RelWithDebInfo|Win32.ActiveCfg = RelWithDebInfo|Win32
		{11C227C0-5577-3534-A9DA-C8F208FD979A}.RelWithDebInfo|Win32.Build.0 = RelWithDebInfo|Win32
		{3B1E18A6-4ECD-3C46-9C52-C53FAAD07CB9}.Debug|Win32.ActiveCfg = Debug|Win32
		{3B1E18A6-4ECD-3C46-9C52-C53FAAD07CB9}.Debug|Win32.Build.0 = Debug|Win32
		{3B1E18A6-4ECD-3C46-9C52-C53FAAD07CB9}.Release|Win32.ActiveCfg = Release|Win32
		{3B1E18A6-4ECD-3C46-9C52-C53FAAD07CB9}.Release|Win32.Build.0 = Release|Win32
		{3B1E18A6-4ECD-3C46-9C52-C53FAAD07CB9}.MinSizeRel|Win32.ActiveCfg = MinSizeRel|Win32
		{3B1E18A6-4ECD-3C46-9C52-C53FAAD07CB9}.MinSizeRel|Win32.Build.0 = MinSizeRel|Win32
		{3B1E18A6-4ECD-3C46-9C52-C53FAAD07CB9}.RelWithDebInfo|Win32.ActiveCfg = RelWithDebInfo|Win32
		{3B1E18A6-4ECD-3C46-9C52-C53FAAD07CB9}.RelWithDebInfo|Win32.Build.0 = RelWithDebInfo|Win32
		{B4C4773A-E2B3-3227-8466-AAF38B4C9989}.Debug|Win32.ActiveCfg = Debug|Win32
		{B4C4773A-E2B3-3227-8466-AAF38B4C9989}.Debug|Win32.Build.0 = Debug|Win32
		{B4C4773A-E2B3-3227-8466-AAF38B4C9989}.Release|Win32.ActiveCfg = Release|Win32
		{B4C4773A-E2B3-3227-8466-AAF38B4C9989}.Release|Win32.Build.0 = Release|Win32
		{B4C4773A-E2B3-3227-8466-AAF38B4C9989}.MinSizeRel|Win32.ActiveCfg = MinSizeRel|Win32
		{B4C4773A-E2B3-3227-8466-AAF38B4C9989}.MinSizeRel|Win32.Build.0 = MinSizeRel|Win32
		{B4C4773A-E2B3-3227-8466-AAF38B4C9989}.RelWithDebInfo|Win32.ActiveCfg = RelWithDebInfo|Win32
		{B4C4773A-E2B3-3227-8466-AAF38B4C9989}.RelWithDebInfo|Win32.Build.0 = RelWithDebInfo|Win32
		{CA8F8B2D-3B1D-369A-93E2-D8A4223712C4}.Debug|Win32.ActiveCfg = Debug|Win32
		{CA8F8B2D-3B1D-369A-93E2-D8A4223712C4}.Debug|Win32.Build.0 = Debug|Win32
		{CA8F8B2D-3B1D-369A-93E2-D8A4223712C4}.Release|Win32.ActiveCfg = Release|Win32
		{CA8F8B2D-3B1D-369A-93E2-D8A4223712C4}.Release|Win32.Build.0 = Release|Win32
		{CA8F8B2D-3B1D-369A-93E2-D8A4223712C4}.MinSizeRel|Win32.ActiveCfg = MinSizeRel|Win32
		{CA8F8B2D-3B1D-369A-93E2-D8A4223712C4}.MinSizeRel|Win32.Build.0 = MinSizeRel|Win32
		{CA8F8B2D-3B1D-369A-93E2-D8A4223712C4}.RelWithDebInfo|Win32.ActiveCfg = RelWithDebInfo|Win32
		{CA8F8B2D-3B1D-369A-93E2-D8A4223712C4}.RelWithDebInfo|Win32.Build.0 = RelWithDebInfo|Win32
		{D663E369-58CD-340F-85BE-7161614D9A55}.Debug|Win32.ActiveCfg = Debug|Win32
		{D663E369-58CD-340F-85BE-7161614D9A55}.Debug|Win32.Build.0 = Debug|Win32
		{D663E369-58CD-340F-85BE-7161614D9A55}.Release|Win32.ActiveCfg = Release|Win32
		{D663E369-58CD-340F-85BE-7161614D9A55}.Release|Win32.Build.0 = Release|Win32
		{D663E369-58CD-340F-85BE-7161614D9A55}.MinSizeRel|Win32.ActiveCfg = MinSizeRel|Win32
		{D663E369-58CD-340F-85BE-7161614D9A55}.MinSizeRel|Win32.Build.0 = MinSizeRel|Win32
		{D663E369-58CD-340F-85BE-7161614D9A55}.RelWithDebInfo|Win32.ActiveCfg = RelWithDebInfo|Win32
		{D663E369-58CD-340F-85BE-7161614D9A55}.RelWithDebInfo|Win32.Build.0 = RelWithDebInfo|Win32
		{D7197854-2F2F-3A71-801E-F1A566F925D0}.Debug|Win32.ActiveCfg = Debug|Win32
		{D7197854-2F2F-3A71-801E-F1A566F925D0}.Debug|Win32.Build.0 = Debug|Win32
		{D7197854-2F2F-3A71-801E-F1A566F925D0}.Release|Win32.ActiveCfg = Release|Win32
		{D7197854-2F2F-3A71-801E-F1A566F925D0}.Release|Win32.Build.0 = Release|Win32
		{D7197854-2F2F-3A71-801E-F1A566F925D0}.MinSizeRel|Win32.ActiveCfg = MinSizeRel|Win32
		{D7197854-2F2F-3A71-801E-F1A566F925D0}.MinSizeRel|Win32.Build.0 = MinSizeRel|Win32
		{D7197854-2F2F-3A71-801E-F1A566F925D0}.RelWithDebInfo|Win32.ActiveCfg = RelWithDebInfo|Win32
		{D7197854-2F2F-3A71-801E-F1A566F925D0}.RelWithDebInfo|Win32.Build.0 = RelWithDebInfo|Win32
		{01DC8DCE-BF29-32A9-B1C4-D1BD92ABD10F}.Debug|Win32.ActiveCfg = Debug|Win32
		{01DC8DCE-BF29-32A9-B1C4-D1BD92ABD10F}.Debug|Win32.Build.0 = Debug|Win32
		{01DC8DCE-BF29-32A9-B1C4-D1BD92ABD10F}.Release|Win32.ActiveCfg = Release|Win32
		{01DC8DCE-BF29-32A9-B1C4-D1BD92ABD10F}.Release|Win32.Build.0 = Release|Win32
		{01DC8DCE-BF29-32A9-B1C4-D1BD92ABD10F}.MinSizeRel|Win32.ActiveCfg = MinSizeRel|Win32
		{01DC8DCE-BF29-32A9-B1C4-D1BD92ABD10F}.MinSizeRel|Win32.Build.0 = MinSizeRel|Win32
		{01DC8DCE-BF29-32A9-B1C4-D1BD92ABD10F}.RelWithDebInfo|Win32.ActiveCfg = RelWithDebInfo|Win32
		{01DC8DCE-BF29-32A9-B1C4-D1BD92ABD10F}.RelWithDebInfo|Win32.Build.0 = RelWithDebInfo|Win32
		{AABE76C6-F0EF-37E0-BEA7-EEF773FB781D}.Debug|Win32.ActiveCfg = Debug|Win32
		{AABE76C6-F0EF-37E0-BEA7-EEF773FB781D}.Debug|Win32.Build.0 = Debug|Win32
		{AABE76C6-F0EF-37E0-BEA7-EEF773FB781D}.Release|Win32.ActiveCfg = Release|Win32
		{AABE76C6-F0EF-37E0-BEA7-EEF773FB781D}.Release|Win32.Build.0 = Release|Win32
		{AABE76C6-F0EF-37E0-BEA7-EEF773FB781D}.MinSizeRel|Win32.ActiveCfg = MinSizeRel|Win32
		{AABE76C6-F0EF-37E0-BEA7-EEF773FB781D}.MinSizeRel|Win32.Build.0 = MinSizeRel|Win32
		{AABE76C6-F0EF-37E0-BEA7-EEF773FB781D}.RelWithDebInfo|Win32.ActiveCfg = RelWithDebInfo|Win32
		{AABE76C6-F0EF-37E0-BEA7-EEF773FB781D}.RelWithDebInfo|Win32.Build.0 = RelWithDebInfo|Win32
		{576E08EA-0F64-3131-9C65-FD47E37A189B}.Debug|Win32.ActiveCfg = Debug|Win32
		{576E08EA-0F64-3131-9C65-FD47E37A189B}.Debug|Win32.Build.0 = Debug|Win32
		{576E08EA-0F64-3131-9C65-FD47E37A189B}.Release|Win32.ActiveCfg = Release|Win32
		{576E08EA-0F64-3131-9C65-FD47E37A189B}.Release|Win32.Build.0 = Release|Win32
		{576E08EA-0F64-3131-9C65-FD47E37A189B}.MinSizeRel|Win32.ActiveCfg = MinSizeRel|Win32
		{576E08EA-0F64-3131-9C65-FD47E37A189B}.MinSizeRel|Win32.Build.0 = MinSizeRel|Win32
		{576E08EA-0F64-3131-9C65-FD47E37A189B}.RelWithDebInfo|Win32.ActiveCfg = RelWithDebInfo|Win32
		{576E08EA-0F64-3131-9C65-FD47E37A189B}.RelWithDebInfo|Win32.Build.0 = RelWithDebInfo|Win32
		{16EB8F82-B0EF-36B0-9448-C7BB1DE275AC}.Debug|Win32.ActiveCfg = Debug|Win32
		{16EB8F82-B0EF-36B0-9448-C7BB1DE275AC}.Debug|Win32.Build.0 = Debug|Win32
		{16EB8F82-B0EF-36B0-9448-C7BB1DE275AC}.Release|Win32.ActiveCfg = Release|Win32
		{16EB8F82-B0EF-36B0-9448-C7BB1DE275AC}.Release|Win32.Build.0 = Release|Win32
		{16EB8F82-B0EF-36B0-9448-C7BB1DE275AC}.MinSizeRel|Win32.ActiveCfg = MinSizeRel|Win32
		{16EB8F82-B0EF-36B0-9448-C7BB1DE275AC}.MinSizeRel|Win32.Build.0 = MinSizeRel|Win32
		{16EB8F82-B0EF-36B0-9448-C7BB1DE275AC}.RelWithDebInfo|Win32.ActiveCfg = RelWithDebInfo|Win32
		{16EB8F82-B0EF-36B0-9448-C7BB1DE275AC}.RelWithDebInfo|Win32.Build.0 = RelWithDebInfo|Win32
		{ECDBC215-EA50-3984-B8DC-937AE796F18A}.Debug|Win32.ActiveCfg = Debug|Win32
		{ECDBC215-EA50-3984-B8DC-937AE796F18A}.Debug|Win32.Build.0 = Debug|Win32
		{ECDBC215-EA50-3984-B8DC-937AE796F18A}.Release|Win32.ActiveCfg = Release|Win32
		{ECDBC215-EA50-3984-B8DC-937AE796F18A}.Release|Win32.Build.0 = Release|Win32
		{ECDBC215-EA50-3984-B8DC-937AE796F18A}.MinSizeRel|Win32.ActiveCfg = MinSizeRel|Win32
		{ECDBC215-EA50-3984-B8DC-937AE796F18A}.MinSizeRel|Win32.Build.0 = MinSizeRel|Win32
		{ECDBC215-EA50-3984-B8DC-937AE796F18A}.RelWithDebInfo|Win32.ActiveCfg = RelWithDebInfo|Win32
		{ECDBC215-EA50-3984-B8DC-937AE796F18A}.RelWithDebInfo|Win32.Build.0 = RelWithDebInfo|Win32
		{D119673F-CAC3-3C44-BF57-AFD3A8CE6190}.Debug|Win32.ActiveCfg = Debug|Win32
		{D119673F-CAC3-3C44-BF57-AFD3A8CE6190}.Debug|Win32.Build.0 = Debug|Win32
		{D119673F-CAC3-3C44-BF57-AFD3A8CE6190}.Release|Win32.ActiveCfg = Release|Win32
		{D119673F-CAC3-3C44-BF57-AFD3A8CE6190}.Release|Win32.Build.0 = Release|Win32
		{D119673F-CAC3-3C44-BF57-AFD3A8CE6190}.MinSizeRel|Win32.ActiveCfg = MinSizeRel|Win32
		{D119673F-CAC3-3C44-BF57-AFD3A8CE6190}.MinSizeRel|Win32.Build.0 = MinSizeRel|Win32
		{D119673F-CAC3-3C44-BF57-AFD3A8CE6190}.RelWithDebInfo|Win32.ActiveCfg = RelWithDebInfo|Win32
		{D119673F-CAC3-3C44-BF57-AFD3A8CE6190}.RelWithDebInfo|Win32.Build.0 = RelWithDebInfo|Win32
		{6AC469AB-C867-3BBF-8718-AE494F849C08}.Debug|Win32.ActiveCfg = Debug|Win32
		{6AC469AB-C867-3BBF-8718-AE494F849C08}.Release|Win32.ActiveCfg = Release|Win32
		{6AC469AB-C867-3BBF-8718-AE494F849C08}.MinSizeRel|Win32.ActiveCfg = MinSizeRel|Win32
		{6AC469AB-C867-3BBF-8718-AE494F849C08}.RelWithDebInfo|Win32.ActiveCfg = RelWithDebInfo|Win32
		{9A594232-0297-35A7-976B-5E2C5BABF9AE}.Debug|Win32.ActiveCfg = Debug|Win32
		{9A594232-0297-35A7-976B-5E2C5BABF9AE}.Debug|Win32.Build.0 = Debug|Win32
		{9A594232-0297-35A7-976B-5E2C5BABF9AE}.Release|Win32.ActiveCfg = Release|Win32
		{9A594232-0297-35A7-976B-5E2C5BABF9AE}.Release|Win32.Build.0 = Release|Win32
		{9A594232-0297-35A7-976B-5E2C5BABF9AE}.MinSizeRel|Win32.ActiveCfg = MinSizeRel|Win32
		{9A594232-0297-35A7-976B-5E2C5BABF9AE}.MinSizeRel|Win32.Build.0 = MinSizeRel|Win32
		{9A594232-0297-35A7-976B-5E2C5BABF9AE}.RelWithDebInfo|Win32.ActiveCfg = RelWithDebInfo|Win32
		{9A594232-0297-35A7-976B-5E2C5BABF9AE}.RelWithDebInfo|Win32.Build.0 = RelWithDebInfo|Win32
		{96F9B564-5A0C-39C4-936A-4BB1F1747062}.Debug|Win32.ActiveCfg = Debug|Win32
		{96F9B564-5A0C-39C4-936A-4BB1F1747062}.Release|Win32.ActiveCfg = Release|Win32
		{96F9B564-5A0C-39C4-936A-4BB1F1747062}.MinSizeRel|Win32.ActiveCfg = MinSizeRel|Win32
		{96F9B564-5A0C-39C4-936A-4BB1F1747062}.RelWithDebInfo|Win32.ActiveCfg = RelWithDebInfo|Win32
		{23A96163-F6C3-302F-B223-BF892B708E53}.Debug|Win32.ActiveCfg = Debug|Win32
		{23A96163-F6C3-302F-B223-BF892B708E53}.Debug|Win32.Build.0 = Debug|Win32
		{23A96163-F6C3-302F-B223-BF892B708E53}.Release|Win32.ActiveCfg = Release|Win32
		{23A96163-F6C3-302F-B223-BF892B708E53}.Release|Win32.Build.0 = Release|Win32
		{23A96163-F6C3-302F-B223-BF892B708E53}.MinSizeRel|Win32.ActiveCfg = MinSizeRel|Win32
		{23A96163-F6C3-302F-B223-BF892B708E53}.MinSizeRel|Win32.Build.0 = MinSizeRel|Win32
		{23A96163-F6C3-302F-B223-BF892B708E53}.RelWithDebInfo|Win32.ActiveCfg = RelWithDebInfo|Win32
		{23A96163-F6C3-302F-B223-BF892B708E53}.RelWithDebInfo|Win32.Build.0 = RelWithDebInfo|Win32
		{1F5F01CD-73E1-3375-BA4D-B6A94D1E85ED}.Debug|Win32.ActiveCfg = Debug|Win32
		{1F5F01CD-73E1-3375-BA4D-B6A94D1E85ED}.Debug|Win32.Build.0 = Debug|Win32
		{1F5F01CD-73E1-3375-BA4D-B6A94D1E85ED}.Release|Win32.ActiveCfg = Release|Win32
		{1F5F01CD-73E1-3375-BA4D-B6A94D1E85ED}.Release|Win32.Build.0 = Release|Win32
		{1F5F01CD-73E1-3375-BA4D-B6A94D1E85ED}.MinSizeRel|Win32.ActiveCfg = MinSizeRel|Win32
		{1F5F01CD-73E1-3375-BA4D-B6A94D1E85ED}.MinSizeRel|Win32.Build.0 = MinSizeRel|Win32
		{1F5F01CD-73E1-3375-BA4D-B6A94D1E85ED}.RelWithDebInfo|Win32.ActiveCfg = RelWithDebInfo|Win32
		{1F5F01CD-73E1-3375-BA4D-B6A94D1E85ED}.RelWithDebInfo|Win32.Build.0 = RelWithDebInfo|Win32
		{A4FD2B62-9C74-3FCD-AE74-F582FDA27742}.Debug|Win32.ActiveCfg = Debug|Win32
		{A4FD2B62-9C74-3FCD-AE74-F582FDA27742}.Debug|Win32.Build.0 = Debug|Win32
		{A4FD2B62-9C74-3FCD-AE74-F582FDA27742}.Release|Win32.ActiveCfg = Release|Win32
		{A4FD2B62-9C74-3FCD-AE74-F582FDA27742}.Release|Win32.Build.0 = Release|Win32
		{A4FD2B62-9C74-3FCD-AE74-F582FDA27742}.MinSizeRel|Win32.ActiveCfg = MinSizeRel|Win32
		{A4FD2B62-9C74-3FCD-AE74-F582FDA27742}.MinSizeRel|Win32.Build.0 = MinSizeRel|Win32
		{A4FD2B62-9C74-3FCD-AE74-F582FDA27742}.RelWithDebInfo|Win32.ActiveCfg = RelWithDebInfo|Win32
		{A4FD2B62-9C74-3FCD-AE74-F582FDA27742}.RelWithDebInfo|Win32.Build.0 = RelWithDebInfo|Win32
		{C40A4B99-1663-398E-A634-7102F4214D19}.Debug|Win32.ActiveCfg = Debug|Win32
		{C40A4B99-1663-398E-A634-7102F4214D19}.Debug|Win32.Build.0 = Debug|Win32
		{C40A4B99-1663-398E-A634-7102F4214D19}.Release|Win32.ActiveCfg = Release|Win32
		{C40A4B99-1663-398E-A634-7102F4214D19}.Release|Win32.Build.0 = Release|Win32
		{C40A4B99-1663-398E-A634-7102F4214D19}.MinSizeRel|Win32.ActiveCfg = MinSizeRel|Win32
		{C40A4B99-1663-398E-A634-7102F4214D19}.MinSizeRel|Win32.Build.0 = MinSizeRel|Win32
		{C40A4B99-1663-398E-A634-7102F4214D19}.RelWithDebInfo|Win32.ActiveCfg = RelWithDebInfo|Win32
		{C40A4B99-1663-398E-A634-7102F4214D19}.RelWithDebInfo|Win32.Build.0 = RelWithDebInfo|Win32
		{6E15AC41-5192-3549-8B93-707D08CECFBE}.Debug|Win32.ActiveCfg = Debug|Win32
		{6E15AC41-5192-3549-8B93-707D08CECFBE}.Debug|Win32.Build.0 = Debug|Win32
		{6E15AC41-5192-3549-8B93-707D08CECFBE}.Release|Win32.ActiveCfg = Release|Win32
		{6E15AC41-5192-3549-8B93-707D08CECFBE}.Release|Win32.Build.0 = Release|Win32
		{6E15AC41-5192-3549-8B93-707D08CECFBE}.MinSizeRel|Win32.ActiveCfg = MinSizeRel|Win32
		{6E15AC41-5192-3549-8B93-707D08CECFBE}.MinSizeRel|Win32.Build.0 = MinSizeRel|Win32
		{6E15AC41-5192-3549-8B93-707D08CECFBE}.RelWithDebInfo|Win32.ActiveCfg = RelWithDebInfo|Win32
		{6E15AC41-5192-3549-8B93-707D08CECFBE}.RelWithDebInfo|Win32.Build.0 = RelWithDebInfo|Win32
		{33233B70-725F-336B-88EE-F39BBFC17322}.Debug|Win32.ActiveCfg = Debug|Win32
		{33233B70-725F-336B-88EE-F39BBFC17322}.Debug|Win32.Build.0 = Debug|Win32
		{33233B70-725F-336B-88EE-F39BBFC17322}.Release|Win32.ActiveCfg = Release|Win32
		{33233B70-725F-336B-88EE-F39BBFC17322}.Release|Win32.Build.0 = Release|Win32
		{33233B70-725F-336B-88EE-F39BBFC17322}.MinSizeRel|Win32.ActiveCfg = MinSizeRel|Win32
		{33233B70-725F-336B-88EE-F39BBFC17322}.MinSizeRel|Win32.Build.0 = MinSizeRel|Win32
		{33233B70-725F-336B-88EE-F39BBFC17322}.RelWithDebInfo|Win32.ActiveCfg = RelWithDebInfo|Win32
		{33233B70-725F-336B-88EE-F39BBFC17322}.RelWithDebInfo|Win32.Build.0 = RelWithDebInfo|Win32
		{33DA53D5-5C87-3CBB-B312-12F97F8AEECD}.Debug|Win32.ActiveCfg = Debug|Win32
		{33DA53D5-5C87-3CBB-B312-12F97F8AEECD}.Debug|Win32.Build.0 = Debug|Win32
		{33DA53D5-5C87-3CBB-B312-12F97F8AEECD}.Release|Win32.ActiveCfg = Release|Win32
		{33DA53D5-5C87-3CBB-B312-12F97F8AEECD}.Release|Win32.Build.0 = Release|Win32
		{33DA53D5-5C87-3CBB-B312-12F97F8AEECD}.MinSizeRel|Win32.ActiveCfg = MinSizeRel|Win32
		{33DA53D5-5C87-3CBB-B312-12F97F8AEECD}.MinSizeRel|Win32.Build.0 = MinSizeRel|Win32
		{33DA53D5-5C87-3CBB-B312-12F97F8AEECD}.RelWithDebInfo|Win32.ActiveCfg = RelWithDebInfo|Win32
		{33DA53D5-5C87-3CBB-B312-12F97F8AEECD}.RelWithDebInfo|Win32.Build.0 = RelWithDebInfo|Win32
		{45B1071A-FB99-3328-872C-092F6680DA5F}.Debug|Win32.ActiveCfg = Debug|Win32
		{45B1071A-FB99-3328-872C-092F6680DA5F}.Debug|Win32.Build.0 = Debug|Win32
		{45B1071A-FB99-3328-872C-092F6680DA5F}.Release|Win32.ActiveCfg = Release|Win32
		{45B1071A-FB99-3328-872C-092F6680DA5F}.Release|Win32.Build.0 = Release|Win32
		{45B1071A-FB99-3328-872C-092F6680DA5F}.MinSizeRel|Win32.ActiveCfg = MinSizeRel|Win32
		{45B1071A-FB99-3328-872C-092F6680DA5F}.MinSizeRel|Win32.Build.0 = MinSizeRel|Win32
		{45B1071A-FB99-3328-872C-092F6680DA5F}.RelWithDebInfo|Win32.ActiveCfg = RelWithDebInfo|Win32
		{45B1071A-FB99-3328-872C-092F6680DA5F}.RelWithDebInfo|Win32.Build.0 = RelWithDebInfo|Win32
	EndGlobalSection
	GlobalSection(ExtensibilityGlobals) = postSolution
	EndGlobalSection
	GlobalSection(ExtensibilityAddIns) = postSolution
	EndGlobalSection
EndGlobal
